
Microsoft Visual Studio Solution File, Format Version 12.00
# Visual Studio 15
VisualStudioVersion = 15.0.27130.2036
MinimumVisualStudioVersion = 10.0.40219.1
Project("{FAE04EC0-301F-11D3-BF4B-00C04F79EFBC}") = "MultiFaceRec", "MultiFaceRec.csproj", "{CC813884-5D90-4044-9571-8FB7C54D9612}"
EndProject
Project("{9A19103F-16F7-4668-BE54-9A1E7A4F7556}") = "MongoDbTest", "MongoDbTest\MongoDbTest\MongoDbTest.csproj", "{02963527-192F-42CD-BF43-E7EB66BB416E}"
EndProject
Project("{2150E333-8FDC-42A3-9474-1A3956D46DE8}") = "Solution Items", "Solution Items", "{0661F07C-17DE-4CE5-8DA5-DAF9295F2134}"
	ProjectSection(SolutionItems) = preProject
		Notes.txt = Notes.txt
	EndProjectSection
EndProject
Project("{FAE04EC0-301F-11D3-BF4B-00C04F79EFBC}") = "NUnit.FaceProviderTests", "..\NUnit.FaceProviderTests\NUnit.FaceProviderTests.csproj", "{8EDF4429-251A-416D-BB68-93F227191BCF}"
EndProject
Global
	GlobalSection(SolutionConfigurationPlatforms) = preSolution
		Debug|Any CPU = Debug|Any CPU
		Debug|x86 = Debug|x86
		Release|Any CPU = Release|Any CPU
		Release|x86 = Release|x86
	EndGlobalSection
	GlobalSection(ProjectConfigurationPlatforms) = postSolution
		{CC813884-5D90-4044-9571-8FB7C54D9612}.Debug|Any CPU.ActiveCfg = Debug|x86
		{CC813884-5D90-4044-9571-8FB7C54D9612}.Debug|x86.ActiveCfg = Debug|x86
		{CC813884-5D90-4044-9571-8FB7C54D9612}.Debug|x86.Build.0 = Debug|x86
		{CC813884-5D90-4044-9571-8FB7C54D9612}.Release|Any CPU.ActiveCfg = Release|x86
		{CC813884-5D90-4044-9571-8FB7C54D9612}.Release|x86.ActiveCfg = Release|x86
		{CC813884-5D90-4044-9571-8FB7C54D9612}.Release|x86.Build.0 = Release|x86
		{02963527-192F-42CD-BF43-E7EB66BB416E}.Debug|Any CPU.ActiveCfg = Debug|Any CPU
		{02963527-192F-42CD-BF43-E7EB66BB416E}.Debug|Any CPU.Build.0 = Debug|Any CPU
		{02963527-192F-42CD-BF43-E7EB66BB416E}.Debug|x86.ActiveCfg = Debug|Any CPU
		{02963527-192F-42CD-BF43-E7EB66BB416E}.Debug|x86.Build.0 = Debug|Any CPU
		{02963527-192F-42CD-BF43-E7EB66BB416E}.Release|Any CPU.ActiveCfg = Release|Any CPU
		{02963527-192F-42CD-BF43-E7EB66BB416E}.Release|Any CPU.Build.0 = Release|Any CPU
		{02963527-192F-42CD-BF43-E7EB66BB416E}.Release|x86.ActiveCfg = Release|Any CPU
		{02963527-192F-42CD-BF43-E7EB66BB416E}.Release|x86.Build.0 = Release|Any CPU
		{8EDF4429-251A-416D-BB68-93F227191BCF}.Debug|Any CPU.ActiveCfg = Debug|Any CPU
		{8EDF4429-251A-416D-BB68-93F227191BCF}.Debug|Any CPU.Build.0 = Debug|Any CPU
		{8EDF4429-251A-416D-BB68-93F227191BCF}.Debug|x86.ActiveCfg = Debug|Any CPU
		{8EDF4429-251A-416D-BB68-93F227191BCF}.Debug|x86.Build.0 = Debug|Any CPU
		{8EDF4429-251A-416D-BB68-93F227191BCF}.Release|Any CPU.ActiveCfg = Release|Any CPU
		{8EDF4429-251A-416D-BB68-93F227191BCF}.Release|Any CPU.Build.0 = Release|Any CPU
		{8EDF4429-251A-416D-BB68-93F227191BCF}.Release|x86.ActiveCfg = Release|Any CPU
		{8EDF4429-251A-416D-BB68-93F227191BCF}.Release|x86.Build.0 = Release|Any CPU
	EndGlobalSection
	GlobalSection(SolutionProperties) = preSolution
		HideSolutionNode = FALSE
	EndGlobalSection
	GlobalSection(ExtensibilityGlobals) = postSolution
		SolutionGuid = {DE748F33-83C8-42B3-8A05-4D085BC90087}
	EndGlobalSection
EndGlobal
